
Microsoft Visual Studio Solution File, Format Version 12.00
# Visual Studio Version 17
VisualStudioVersion = 17.3.32819.101
MinimumVisualStudioVersion = 10.0.40219.1
Project("{9A19103F-16F7-4668-BE54-9A1E7A4F7556}") = "Net6React18TLab", "Net6React18TLab\Net6React18TLab.csproj", "{9B9E1D14-7D28-4399-AF4E-C813A0D58CB5}"
EndProject
Global
	GlobalSection(SolutionConfigurationPlatforms) = preSolution
		Debug|Any CPU = Debug|Any CPU
		Release|Any CPU = Release|Any CPU
	EndGlobalSection
	GlobalSection(ProjectConfigurationPlatforms) = postSolution
		{9B9E1D14-7D28-4399-AF4E-C813A0D58CB5}.Debug|Any CPU.ActiveCfg = Debug|Any CPU
		{9B9E1D14-7D28-4399-AF4E-C813A0D58CB5}.Debug|Any CPU.Build.0 = Debug|Any CPU
		{9B9E1D14-7D28-4399-AF4E-C813A0D58CB5}.Release|Any CPU.ActiveCfg = Release|Any CPU
		{9B9E1D14-7D28-4399-AF4E-C813A0D58CB5}.Release|Any CPU.Build.0 = Release|Any CPU
	EndGlobalSection
	GlobalSection(SolutionProperties) = preSolution
		HideSolutionNode = FALSE
	EndGlobalSection
	GlobalSection(ExtensibilityGlobals) = postSolution
		SolutionGuid = {882C630D-B520-4E04-9A0E-1FB98C5454DC}
	EndGlobalSection
EndGlobal
